{
  "requires": true,
  "lockfileVersion": 1,
  "dependencies": {
    "@types/react": {
      "version": "16.3.12",
      "resolved": "https://registry.npmjs.org/@types/react/-/react-16.3.12.tgz",
      "integrity": "sha512-FfBhLC3QeXXEtjoGGLixS7cB305vzBOM1dZKtbUuXeTfjY0quzRRMxpqylC4QyUaLqdhNLdER0ZdHUGAVlGSCA==",
      "requires": {
        "csstype": "2.3.0"
      }
    },
    "asap": {
      "version": "2.0.6",
      "resolved": "https://registry.npmjs.org/asap/-/asap-2.0.6.tgz",
      "integrity": "sha1-5QNHYR1+aQlDIIu9r+vLwvuGbUY="
    },
    "babel-runtime": {
      "version": "6.26.0",
      "resolved": "https://registry.npmjs.org/babel-runtime/-/babel-runtime-6.26.0.tgz",
      "integrity": "sha1-llxwWGaOgrVde/4E/yM3vItWR/4=",
      "requires": {
        "core-js": "2.5.5",
        "regenerator-runtime": "0.11.1"
      },
      "dependencies": {
        "core-js": {
          "version": "2.5.5",
          "resolved": "https://registry.npmjs.org/core-js/-/core-js-2.5.5.tgz",
          "integrity": "sha1-sU3ek2xkDAV5prUMq8wTLdYSfjs="
        }
      }
    },
    "balanced-match": {
      "version": "0.4.2",
      "resolved": "https://registry.npmjs.org/balanced-match/-/balanced-match-0.4.2.tgz",
      "integrity": "sha1-yz8+PHMtwPAe5wtAPzAuYddwmDg="
    },
    "bowser": {
      "version": "1.9.3",
      "resolved": "https://registry.npmjs.org/bowser/-/bowser-1.9.3.tgz",
      "integrity": "sha512-/gp96UlcFw5DbV2KQPCqTqi0Mb9gZRyDAHiDsGEH+4B/KOQjeoE5lM1PxlVX8DQDvfEfitmC1rW2Oy8fk/XBDg=="
    },
    "chain-function": {
      "version": "1.0.0",
      "resolved": "https://registry.npmjs.org/chain-function/-/chain-function-1.0.0.tgz",
      "integrity": "sha1-DUqzfn4Y6tC9xHuSB2QRjOWHM9w="
    },
    "change-emitter": {
      "version": "0.1.6",
      "resolved": "https://registry.npmjs.org/change-emitter/-/change-emitter-0.1.6.tgz",
      "integrity": "sha1-6LL+PX8at9aaMhma/5HqaTFAlRU="
    },
    "chart.js": {
      "version": "1.1.1",
      "resolved": "https://registry.npmjs.org/chart.js/-/chart.js-1.1.1.tgz",
      "integrity": "sha1-qbFwVCIL1Fy9sXb9a8uHg++HGn0="
    },
    "classnames": {
      "version": "2.2.5",
      "resolved": "https://registry.npmjs.org/classnames/-/classnames-2.2.5.tgz",
      "integrity": "sha1-+zgB1FNGdknvNgPH1hoCvRKb3m0="
    },
    "core-js": {
      "version": "1.2.7",
      "resolved": "https://registry.npmjs.org/core-js/-/core-js-1.2.7.tgz",
      "integrity": "sha1-ZSKUwUZR2yj6k70tX/KYOk8IxjY="
    },
    "create-react-class": {
      "version": "15.6.3",
      "resolved": "https://registry.npmjs.org/create-react-class/-/create-react-class-15.6.3.tgz",
      "integrity": "sha512-M+/3Q6E6DLO6Yx3OwrWjwHBnvfXXYA7W+dFjt/ZDBemHO1DDZhsalX/NUtnTYclN6GfnBDRh4qRHjcDHmlJBJg==",
      "requires": {
        "fbjs": "0.8.16",
        "loose-envify": "1.3.1",
        "object-assign": "4.1.1"
      }
    },
    "createClass": {
      "version": "1.0.7",
      "resolved": "https://registry.npmjs.org/createClass/-/createClass-1.0.7.tgz",
      "integrity": "sha1-WcUhazV65sk+iqqT+3KyYIFtW1k=",
      "requires": {
        "inherits": "2.0.3"
      }
    },
    "css-in-js-utils": {
      "version": "2.0.1",
      "resolved": "https://registry.npmjs.org/css-in-js-utils/-/css-in-js-utils-2.0.1.tgz",
      "integrity": "sha512-PJF0SpJT+WdbVVt0AOYp9C8GnuruRlL/UFW7932nLWmFLQTaWEzTBQEx7/hn4BuV+WON75iAViSUJLiU3PKbpA==",
      "requires": {
        "hyphenate-style-name": "1.0.2",
        "isobject": "3.0.1"
      }
    },
    "csstype": {
      "version": "2.3.0",
      "resolved": "https://registry.npmjs.org/csstype/-/csstype-2.3.0.tgz",
      "integrity": "sha512-+iowf+HbYUKV65+HjAhXkx4KH6IFpIxnBlO0maKsXmBIHJXEndaTRYPVL4pEwtK6+1zRvkXo+WD1tRFKygMHQg=="
    },
    "d3-array": {
      "version": "1.2.1",
      "resolved": "https://registry.npmjs.org/d3-array/-/d3-array-1.2.1.tgz",
      "integrity": "sha512-CyINJQ0SOUHojDdFDH4JEM0552vCR1utGyLHegJHyYH0JyCpSeTPxi4OBqHMA2jJZq4NH782LtaJWBImqI/HBw=="
    },
    "d3-collection": {
      "version": "1.0.4",
      "resolved": "https://registry.npmjs.org/d3-collection/-/d3-collection-1.0.4.tgz",
      "integrity": "sha1-NC39EoN8kJdPM/HMCnha6lcNzcI="
    },
    "d3-color": {
      "version": "1.1.0",
      "resolved": "https://registry.npmjs.org/d3-color/-/d3-color-1.1.0.tgz",
      "integrity": "sha512-IZVcqX5yYFvR2NUBbSfIfbgNcSgAtZ7JbgQWqDXf4CywtN7agvI7Kw6+Q1ETvlHOHWJT55Kyuzt0C3I0GVtRHQ=="
    },
    "d3-format": {
      "version": "1.2.2",
      "resolved": "https://registry.npmjs.org/d3-format/-/d3-format-1.2.2.tgz",
      "integrity": "sha512-zH9CfF/3C8zUI47nsiKfD0+AGDEuM8LwBIP7pBVpyR4l/sKkZqITmMtxRp04rwBrlshIZ17XeFAaovN3++wzkw=="
    },
    "d3-interpolate": {
      "version": "1.1.6",
      "resolved": "https://registry.npmjs.org/d3-interpolate/-/d3-interpolate-1.1.6.tgz",
      "integrity": "sha512-mOnv5a+pZzkNIHtw/V6I+w9Lqm9L5bG3OTXPM5A+QO0yyVMQ4W1uZhR+VOJmazaOZXri2ppbiZ5BUNWT0pFM9A==",
      "requires": {
        "d3-color": "1.1.0"
      }
    },
    "d3-path": {
      "version": "1.0.5",
      "resolved": "https://registry.npmjs.org/d3-path/-/d3-path-1.0.5.tgz",
      "integrity": "sha1-JB6xhJvZ6egCHA0KeZ+KDo5EF2Q="
    },
    "d3-scale": {
      "version": "1.0.6",
      "resolved": "https://registry.npmjs.org/d3-scale/-/d3-scale-1.0.6.tgz",
      "integrity": "sha1-vOGdqA06DPQiyVQ64zIghiILNO0=",
      "requires": {
        "d3-array": "1.2.1",
        "d3-collection": "1.0.4",
        "d3-color": "1.1.0",
        "d3-format": "1.2.2",
        "d3-interpolate": "1.1.6",
        "d3-time": "1.0.8",
        "d3-time-format": "2.1.1"
      }
    },
    "d3-shape": {
      "version": "1.2.0",
      "resolved": "https://registry.npmjs.org/d3-shape/-/d3-shape-1.2.0.tgz",
      "integrity": "sha1-RdAVOPBkuv0F6j1tLLdI/YxB93c=",
      "requires": {
        "d3-path": "1.0.5"
      }
    },
    "d3-time": {
      "version": "1.0.8",
      "resolved": "https://registry.npmjs.org/d3-time/-/d3-time-1.0.8.tgz",
      "integrity": "sha512-YRZkNhphZh3KcnBfitvF3c6E0JOFGikHZ4YqD+Lzv83ZHn1/u6yGenRU1m+KAk9J1GnZMnKcrtfvSktlA1DXNQ=="
    },
    "d3-time-format": {
      "version": "2.1.1",
      "resolved": "https://registry.npmjs.org/d3-time-format/-/d3-time-format-2.1.1.tgz",
      "integrity": "sha512-8kAkymq2WMfzW7e+s/IUNAtN/y3gZXGRrdGfo6R8NKPAA85UBTxZg5E61bR6nLwjPjj4d3zywSQe1CkYLPFyrw==",
      "requires": {
        "d3-time": "1.0.8"
      }
    },
    "dom-helpers": {
      "version": "3.3.1",
      "resolved": "https://registry.npmjs.org/dom-helpers/-/dom-helpers-3.3.1.tgz",
      "integrity": "sha512-2Sm+JaYn74OiTM2wHvxJOo3roiq/h25Yi69Fqk269cNUwIXsCvATB6CRSFC9Am/20G2b28hGv/+7NiWydIrPvg=="
    },
    "encoding": {
      "version": "0.1.12",
      "resolved": "https://registry.npmjs.org/encoding/-/encoding-0.1.12.tgz",
      "integrity": "sha1-U4tm8+5izRq1HsMjgp0flIDHS+s=",
      "requires": {
        "iconv-lite": "0.4.21"
      }
    },
    "fbjs": {
      "version": "0.8.16",
      "resolved": "https://registry.npmjs.org/fbjs/-/fbjs-0.8.16.tgz",
      "integrity": "sha1-XmdDL1UNxBtXK/VYR7ispk5TN9s=",
      "requires": {
        "core-js": "1.2.7",
        "isomorphic-fetch": "2.2.1",
        "loose-envify": "1.3.1",
        "object-assign": "4.1.1",
        "promise": "7.3.1",
        "setimmediate": "1.0.5",
        "ua-parser-js": "0.7.17"
      }
    },
    "fusioncharts": {
      "version": "3.12.2",
      "resolved": "https://registry.npmjs.org/fusioncharts/-/fusioncharts-3.12.2.tgz",
      "integrity": "sha512-uCOkD1KN7NbZRS0xsA3BYhxYeOeKab2oWlAN9i60g2Hu+Hap7kphGlS9o6y6YJLHu7494/f4+/Hu5D0VSVmytg=="
    },
    "hoist-non-react-statics": {
      "version": "2.5.0",
      "resolved": "https://registry.npmjs.org/hoist-non-react-statics/-/hoist-non-react-statics-2.5.0.tgz",
      "integrity": "sha512-6Bl6XsDT1ntE0lHbIhr4Kp2PGcleGZ66qu5Jqk8lc0Xc/IeG6gVLmwUGs/K0Us+L8VWoKgj0uWdPMataOsm31w=="
    },
    "hyphenate-style-name": {
      "version": "1.0.2",
      "resolved": "https://registry.npmjs.org/hyphenate-style-name/-/hyphenate-style-name-1.0.2.tgz",
      "integrity": "sha1-MRYKNpMK2vH8BMYHT360FGXU7Es="
    },
    "iconv-lite": {
      "version": "0.4.21",
      "resolved": "https://registry.npmjs.org/iconv-lite/-/iconv-lite-0.4.21.tgz",
      "integrity": "sha512-En5V9za5mBt2oUA03WGD3TwDv0MKAruqsuxstbMUZaj9W9k/m1CV/9py3l0L5kw9Bln8fdHQmzHSYtvpvTLpKw==",
      "requires": {
        "safer-buffer": "2.1.2"
      }
    },
    "inherits": {
      "version": "2.0.3",
      "resolved": "https://registry.npmjs.org/inherits/-/inherits-2.0.3.tgz",
      "integrity": "sha1-Yzwsg+PaQqUC9SRmAiSA9CCCYd4="
    },
    "inline-style-prefixer": {
      "version": "3.0.8",
      "resolved": "https://registry.npmjs.org/inline-style-prefixer/-/inline-style-prefixer-3.0.8.tgz",
      "integrity": "sha1-hVG45bTVcyROZqNLBPfTIHaitTQ=",
      "requires": {
        "bowser": "1.9.3",
        "css-in-js-utils": "2.0.1"
      }
    },
    "is-stream": {
      "version": "1.1.0",
      "resolved": "https://registry.npmjs.org/is-stream/-/is-stream-1.1.0.tgz",
      "integrity": "sha1-EtSj3U5o4Lec6428hBc66A2RykQ="
    },
    "isobject": {
      "version": "3.0.1",
      "resolved": "https://registry.npmjs.org/isobject/-/isobject-3.0.1.tgz",
      "integrity": "sha1-TkMekrEalzFjaqH5yNHMvP2reN8="
    },
    "isomorphic-fetch": {
      "version": "2.2.1",
      "resolved": "https://registry.npmjs.org/isomorphic-fetch/-/isomorphic-fetch-2.2.1.tgz",
      "integrity": "sha1-YRrhrPFPXoH3KVB0coGf6XM1WKk=",
      "requires": {
        "node-fetch": "1.7.3",
        "whatwg-fetch": "2.0.4"
      }
    },
    "js-tokens": {
      "version": "3.0.2",
      "resolved": "https://registry.npmjs.org/js-tokens/-/js-tokens-3.0.2.tgz",
      "integrity": "sha1-mGbfOVECEw449/mWvOtlRDIJwls="
    },
    "keycode": {
      "version": "2.2.0",
      "resolved": "https://registry.npmjs.org/keycode/-/keycode-2.2.0.tgz",
      "integrity": "sha1-PQr1bce4uOXLqNCpfxByBO7CKwQ="
    },
    "lodash": {
      "version": "4.17.10",
      "resolved": "https://registry.npmjs.org/lodash/-/lodash-4.17.10.tgz",
      "integrity": "sha512-UejweD1pDoXu+AD825lWwp4ZGtSwgnpZxb3JDViD7StjQz+Nb/6l093lx4OQ0foGWNRoc19mWy7BzL+UAK2iVg=="
    },
    "lodash.merge": {
      "version": "4.6.1",
      "resolved": "https://registry.npmjs.org/lodash.merge/-/lodash.merge-4.6.1.tgz",
      "integrity": "sha512-AOYza4+Hf5z1/0Hztxpm2/xiPZgi/cjMqdnKTUWTBSKchJlxXXuUSxCCl8rJlf4g6yww/j6mA8nC8Hw/EZWxKQ=="
    },
    "lodash.throttle": {
      "version": "4.1.1",
      "resolved": "https://registry.npmjs.org/lodash.throttle/-/lodash.throttle-4.1.1.tgz",
      "integrity": "sha1-wj6RtxAkKscMN/HhzaknTMOb8vQ="
    },
    "loose-envify": {
      "version": "1.3.1",
      "resolved": "https://registry.npmjs.org/loose-envify/-/loose-envify-1.3.1.tgz",
      "integrity": "sha1-0aitM/qc4OcT1l/dCsi3SNR4yEg=",
      "requires": {
        "js-tokens": "3.0.2"
      }
    },
    "material-ui": {
      "version": "0.20.0",
      "resolved": "https://registry.npmjs.org/material-ui/-/material-ui-0.20.0.tgz",
      "integrity": "sha512-wkHkeU1SaGfCrtwIzBOl5vynNNNzVGW27ql0Ue5HZLB4WyRQ3YohJBdKa5lBrH5JD/Cgae7IzrP7cVWDyKpeLQ==",
      "requires": {
        "babel-runtime": "6.26.0",
        "inline-style-prefixer": "3.0.8",
        "keycode": "2.2.0",
        "lodash.merge": "4.6.1",
        "lodash.throttle": "4.1.1",
        "prop-types": "15.6.1",
        "react-event-listener": "0.5.3",
        "react-transition-group": "1.2.1",
        "recompose": "0.26.0",
        "simple-assign": "0.1.0",
        "warning": "3.0.0"
      },
      "dependencies": {
        "react-event-listener": {
          "version": "0.5.3",
          "resolved": "https://registry.npmjs.org/react-event-listener/-/react-event-listener-0.5.3.tgz",
          "integrity": "sha512-fTGYvhe7eTsqq0m664Km0rxKQcqLIGZWZINmy1LU0fu312tay8Mt3Twq2P5Xj1dfDVvvzT1Ql3/FDkiMPJ1MOg==",
          "requires": {
            "babel-runtime": "6.26.0",
            "fbjs": "0.8.16",
            "prop-types": "15.6.1",
            "warning": "3.0.0"
          }
        }
      }
    },
    "math-expression-evaluator": {
      "version": "1.2.17",
      "resolved": "https://registry.npmjs.org/math-expression-evaluator/-/math-expression-evaluator-1.2.17.tgz",
      "integrity": "sha1-3oGf282E3M2PrlnGrreWFbnSZqw="
    },
    "muicss": {
      "version": "0.9.39-rc1",
      "resolved": "https://registry.npmjs.org/muicss/-/muicss-0.9.39-rc1.tgz",
      "integrity": "sha512-VV4BL7KsSCyPB7Gk7vrWpzk1pGz0OfheZHugGNVry1ubkI502DEwKKRIzwRsfDL2G8dPCHm1ke80VgosRl2fqw==",
      "requires": {
        "react-addons-shallow-compare": "15.6.2"
      }
    },
    "node-fetch": {
      "version": "1.7.3",
      "resolved": "https://registry.npmjs.org/node-fetch/-/node-fetch-1.7.3.tgz",
      "integrity": "sha512-NhZ4CsKx7cYm2vSrBAr2PvFOe6sWDf0UYLRqA6svUYg7+/TSfVAu49jYC4BvQ4Sms9SZgdqGBgroqfDhJdTyKQ==",
      "requires": {
        "encoding": "0.1.12",
        "is-stream": "1.1.0"
      }
    },
    "object-assign": {
      "version": "4.1.1",
      "resolved": "https://registry.npmjs.org/object-assign/-/object-assign-4.1.1.tgz",
      "integrity": "sha1-IQmtx5ZYh8/AXLvUQsrIv7s2CGM="
    },
    "performance-now": {
      "version": "2.1.0",
      "resolved": "https://registry.npmjs.org/performance-now/-/performance-now-2.1.0.tgz",
      "integrity": "sha1-Ywn04OX6kT7BxpMHrjZLSzd8nns="
    },
    "promise": {
      "version": "7.3.1",
      "resolved": "https://registry.npmjs.org/promise/-/promise-7.3.1.tgz",
      "integrity": "sha512-nolQXZ/4L+bP/UGlkfaIujX9BKxGwmQ9OT4mOt5yvy8iK1h3wqTEJCijzGANTCCl9nWjY41juyAn2K3Q1hLLTg==",
      "requires": {
        "asap": "2.0.6"
      }
    },
    "prop-types": {
      "version": "15.6.1",
      "resolved": "https://registry.npmjs.org/prop-types/-/prop-types-15.6.1.tgz",
      "integrity": "sha512-4ec7bY1Y66LymSUOH/zARVYObB23AT2h8cf6e/O6ZALB/N0sqZFEx7rq6EYPX2MkOdKORuooI/H5k9TlR4q7kQ==",
      "requires": {
        "fbjs": "0.8.16",
        "loose-envify": "1.3.1",
        "object-assign": "4.1.1"
      }
    },
    "raf": {
      "version": "3.4.0",
      "resolved": "https://registry.npmjs.org/raf/-/raf-3.4.0.tgz",
      "integrity": "sha512-pDP/NMRAXoTfrhCfyfSEwJAKLaxBU9eApMeBPB1TkDouZmvPerIClV8lTAd+uF8ZiTaVl69e1FCxQrAd/VTjGw==",
      "requires": {
        "performance-now": "2.1.0"
      }
    },
    "react": {
      "version": "16.3.2",
      "resolved": "https://registry.npmjs.org/react/-/react-16.3.2.tgz",
      "integrity": "sha512-o5GPdkhciQ3cEph6qgvYB7LTOHw/GB0qRI6ZFNugj49qJCFfgHwVNjZ5u+b7nif4vOeMIOuYj3CeYe2IBD74lg==",
      "requires": {
        "fbjs": "0.8.16",
        "loose-envify": "1.3.1",
        "object-assign": "4.1.1",
        "prop-types": "15.6.1"
      }
    },
    "react-addons-shallow-compare": {
      "version": "15.6.2",
      "resolved": "https://registry.npmjs.org/react-addons-shallow-compare/-/react-addons-shallow-compare-15.6.2.tgz",
      "integrity": "sha1-GYoAuR/DdiPbZKKP0XtZa6NicC8=",
      "requires": {
        "fbjs": "0.8.16",
        "object-assign": "4.1.1"
      }
    },
    "react-awesome-button": {
      "version": "4.2.0",
      "resolved": "https://registry.npmjs.org/react-awesome-button/-/react-awesome-button-4.2.0.tgz",
      "integrity": "sha1-WCLN7XN0gcmFzWOdKKnmi2LUO5w=",
      "requires": {
        "prop-types": "15.6.1",
        "react": "16.3.2"
      }
    },
    "react-chartjs": {
      "version": "1.2.0",
      "resolved": "https://registry.npmjs.org/react-chartjs/-/react-chartjs-1.2.0.tgz",
      "integrity": "sha512-Zhc47Jv8DwJwT3R5iyskRWoz5TEP3qloMlC758Oa+4THSxd/Qat4CIE23epY7XHzEuL5m6/hJIjD2iqLcO9rfw==",
      "requires": {
        "create-react-class": "15.6.3"
      }
    },
    "react-dom": {
      "version": "16.3.2",
      "resolved": "https://registry.npmjs.org/react-dom/-/react-dom-16.3.2.tgz",
      "integrity": "sha512-MMPko3zYncNrz/7gG17wJWUREZDvskZHXOwbttzl0F0L3wDmToyuETuo/r8Y5yvDejwYcRyWI1lvVBjLJWFwKA==",
      "requires": {
        "fbjs": "0.8.16",
        "loose-envify": "1.3.1",
        "object-assign": "4.1.1",
        "prop-types": "15.6.1"
      }
    },
    "react-event-listener": {
      "version": "0.4.5",
      "resolved": "https://registry.npmjs.org/react-event-listener/-/react-event-listener-0.4.5.tgz",
      "integrity": "sha1-4+iVoJcM8U7o+JAROvaBl6vz0LE=",
      "requires": {
        "babel-runtime": "6.26.0",
        "fbjs": "0.8.16",
        "prop-types": "15.6.1",
        "warning": "3.0.0"
      }
    },
    "react-fusioncharts": {
      "version": "1.0.5",
      "resolved": "https://registry.npmjs.org/react-fusioncharts/-/react-fusioncharts-1.0.5.tgz",
      "integrity": "sha512-odEvfY1JKxGgsM9R1+qKBYqo1o35mY634hJEbYBqEPDb4UG055sKAcVVQOzRwxVssDVoY+7RjZnOF62oKbquHA==",
      "requires": {
        "fusioncharts": "3.12.2",
        "uuid": "3.2.1"
      }
    },
    "react-left-tab-container": {
      "version": "0.9.9",
      "resolved": "https://registry.npmjs.org/react-left-tab-container/-/react-left-tab-container-0.9.9.tgz",
      "integrity": "sha1-ijmPmnTUBoYSJz/cukDn04bDZvY=",
      "requires": {
        "classnames": "2.2.5"
      }
    },
    "react-portal": {
      "version": "3.2.0",
      "resolved": "https://registry.npmjs.org/react-portal/-/react-portal-3.2.0.tgz",
      "integrity": "sha512-avb1FreAZAVCvNNyS2dCpxZiPYPJnAasHYPxdVBTROgNFeI+KSb+OoMHNsC1GbDawESCriPwCX+qKua6WSPIFw==",
      "requires": {
        "prop-types": "15.6.1"
      }
    },
    "react-prop-types": {
      "version": "0.4.0",
      "resolved": "https://registry.npmjs.org/react-prop-types/-/react-prop-types-0.4.0.tgz",
      "integrity": "sha1-+ZsL+0AGkpya8gUefBQUpcdbk9A=",
      "requires": {
        "warning": "3.0.0"
      }
    },
    "react-resize-detector": {
      "version": "1.1.0",
      "resolved": "https://registry.npmjs.org/react-resize-detector/-/react-resize-detector-1.1.0.tgz",
      "integrity": "sha512-68KVcQlhcWQGXMAie82YueCa4f4yqwEoiQbVyYlSgJEin1zMtNBLLeU/+6FLNf1TTgjwSfpbMTJTw/uU0HNgtQ==",
      "requires": {
        "prop-types": "15.6.1"
      }
    },
    "react-smooth": {
      "version": "1.0.0",
      "resolved": "https://registry.npmjs.org/react-smooth/-/react-smooth-1.0.0.tgz",
      "integrity": "sha1-sp2+vd3bBtIbWwiWIWf7nqwYl9g=",
      "requires": {
        "lodash": "4.17.10",
        "prop-types": "15.6.1",
        "raf": "3.4.0",
        "react-transition-group": "2.3.1"
      },
      "dependencies": {
        "react-transition-group": {
          "version": "2.3.1",
          "resolved": "https://registry.npmjs.org/react-transition-group/-/react-transition-group-2.3.1.tgz",
          "integrity": "sha512-hu4/LAOFSKjWt1+1hgnOv3ldxmt6lvZGTWz4KUkFrqzXrNDIVSu6txIcPszw7PNduR8en9YTN55JLRyd/L1ZiQ==",
          "requires": {
            "dom-helpers": "3.3.1",
            "loose-envify": "1.3.1",
            "prop-types": "15.6.1"
          }
        }
      }
    },
    "react-splitter-layout": {
      "version": "3.0.0",
      "resolved": "https://registry.npmjs.org/react-splitter-layout/-/react-splitter-layout-3.0.0.tgz",
      "integrity": "sha512-1IxTpElZYakKOORpv1Oi65G5B8PIQfLKMy1DxzX0Q4gW4/mppefdPs3uIcj3NxdKoD8GvDA7Hc4b7oCNzK3aFQ=="
    },
    "react-tabs": {
      "version": "2.2.2",
      "resolved": "https://registry.npmjs.org/react-tabs/-/react-tabs-2.2.2.tgz",
      "integrity": "sha512-jZGAAoq1yknr/XF60/2kH5X3UJdR1X8ItcsLZ1mJnHfoniKcCr3shT2TK5wiS2sO0LOmqwX2BtJQX3snKd50sg==",
      "requires": {
        "classnames": "2.2.5",
        "prop-types": "15.6.1"
      }
    },
    "react-transition-group": {
      "version": "1.2.1",
      "resolved": "https://registry.npmjs.org/react-transition-group/-/react-transition-group-1.2.1.tgz",
      "integrity": "sha512-CWaL3laCmgAFdxdKbhhps+c0HRGF4c+hdM4H23+FI1QBNUyx/AMeIJGWorehPNSaKnQNOAxL7PQmqMu78CDj3Q==",
      "requires": {
        "chain-function": "1.0.0",
        "dom-helpers": "3.3.1",
        "loose-envify": "1.3.1",
        "prop-types": "15.6.1",
        "warning": "3.0.0"
      }
    },
    "react-treeview": {
      "version": "0.4.7",
      "resolved": "https://registry.npmjs.org/react-treeview/-/react-treeview-0.4.7.tgz",
      "integrity": "sha1-9kfgT3BJbrEfsJEsNRh+gOtg1Fg=",
      "requires": {
        "prop-types": "15.6.1"
      }
    },
    "recharts": {
      "version": "1.0.0-beta.10",
      "resolved": "https://registry.npmjs.org/recharts/-/recharts-1.0.0-beta.10.tgz",
      "integrity": "sha1-080V32t4edWWjaPJQrX82vJQT+E=",
      "requires": {
        "classnames": "2.2.5",
        "core-js": "2.5.1",
        "d3-interpolate": "1.1.6",
        "d3-scale": "1.0.6",
        "d3-shape": "1.2.0",
        "lodash": "4.17.10",
        "prop-types": "15.6.1",
        "react-resize-detector": "1.1.0",
        "react-smooth": "1.0.0",
        "recharts-scale": "0.3.2",
        "reduce-css-calc": "1.3.0"
      },
      "dependencies": {
        "core-js": {
          "version": "2.5.1",
          "resolved": "https://registry.npmjs.org/core-js/-/core-js-2.5.1.tgz",
          "integrity": "sha1-rmh03GaTd4m4B1T/VCjfZoGcpQs="
        }
      }
    },
    "recharts-scale": {
      "version": "0.3.2",
      "resolved": "https://registry.npmjs.org/recharts-scale/-/recharts-scale-0.3.2.tgz",
      "integrity": "sha1-2sdiFxSkdl0VLLKtvDDHO4MSCMk="
    },
    "recompose": {
      "version": "0.26.0",
      "resolved": "https://registry.npmjs.org/recompose/-/recompose-0.26.0.tgz",
      "integrity": "sha512-KwOu6ztO0mN5vy3+zDcc45lgnaUoaQse/a5yLVqtzTK13czSWnFGmXbQVmnoMgDkI5POd1EwIKSbjU1V7xdZog==",
      "requires": {
        "change-emitter": "0.1.6",
        "fbjs": "0.8.16",
        "hoist-non-react-statics": "2.5.0",
        "symbol-observable": "1.2.0"
      }
    },
    "reduce-css-calc": {
      "version": "1.3.0",
      "resolved": "https://registry.npmjs.org/reduce-css-calc/-/reduce-css-calc-1.3.0.tgz",
      "integrity": "sha1-dHyRTgSWFKTJz7umKYca0dKSdxY=",
      "requires": {
        "balanced-match": "0.4.2",
        "math-expression-evaluator": "1.2.17",
        "reduce-function-call": "1.0.2"
      }
    },
    "reduce-function-call": {
      "version": "1.0.2",
      "resolved": "https://registry.npmjs.org/reduce-function-call/-/reduce-function-call-1.0.2.tgz",
      "integrity": "sha1-WiAL+S4ON3UXUv5FsKszD9S2vpk=",
      "requires": {
        "balanced-match": "0.4.2"
      }
    },
    "regenerator-runtime": {
      "version": "0.11.1",
      "resolved": "https://registry.npmjs.org/regenerator-runtime/-/regenerator-runtime-0.11.1.tgz",
      "integrity": "sha512-MguG95oij0fC3QV3URf4V2SDYGJhJnJGqvIIgdECeODCT98wSWDAJ94SSuVpYQUoTcGUIL6L4yNB7j1DFFHSBg=="
    },
    "safer-buffer": {
      "version": "2.1.2",
      "resolved": "https://registry.npmjs.org/safer-buffer/-/safer-buffer-2.1.2.tgz",
      "integrity": "sha512-YZo3K82SD7Riyi0E1EQPojLz7kpepnSQI9IyPbHHg1XXXevb5dJI7tpyN2ADxGcQbHG7vcyRHk0cbwqcQriUtg=="
    },
    "semantic-react": {
      "version": "0.12.0",
      "resolved": "https://registry.npmjs.org/semantic-react/-/semantic-react-0.12.0.tgz",
      "integrity": "sha1-oAscHfeiabUsK3M7O3JEK1XRz7k=",
      "requires": {
        "@types/react": "16.3.12",
        "classnames": "2.2.5",
        "lodash.throttle": "4.1.1",
        "prop-types": "15.6.1",
        "react-event-listener": "0.4.5",
        "react-portal": "3.2.0",
        "react-prop-types": "0.4.0"
      }
    },
    "setimmediate": {
      "version": "1.0.5",
      "resolved": "https://registry.npmjs.org/setimmediate/-/setimmediate-1.0.5.tgz",
      "integrity": "sha1-KQy7Iy4waULX1+qbg3Mqt4VvgoU="
    },
    "simple-assign": {
      "version": "0.1.0",
      "resolved": "https://registry.npmjs.org/simple-assign/-/simple-assign-0.1.0.tgz",
      "integrity": "sha1-F/0wZqXz13OPUDIbsPFMooHMS6o="
    },
    "symbol-observable": {
      "version": "1.2.0",
      "resolved": "https://registry.npmjs.org/symbol-observable/-/symbol-observable-1.2.0.tgz",
      "integrity": "sha512-e900nM8RRtGhlV36KGEU9k65K3mPb1WV70OdjfxlG2EAuM1noi/E/BaW/uMhL7bPEssK8QV57vN3esixjUvcXQ=="
    },
    "ua-parser-js": {
      "version": "0.7.17",
      "resolved": "https://registry.npmjs.org/ua-parser-js/-/ua-parser-js-0.7.17.tgz",
      "integrity": "sha512-uRdSdu1oA1rncCQL7sCj8vSyZkgtL7faaw9Tc9rZ3mGgraQ7+Pdx7w5mnOSF3gw9ZNG6oc+KXfkon3bKuROm0g=="
    },
    "uuid": {
      "version": "3.2.1",
      "resolved": "https://registry.npmjs.org/uuid/-/uuid-3.2.1.tgz",
      "integrity": "sha512-jZnMwlb9Iku/O3smGWvZhauCf6cvvpKi4BKRiliS3cxnI+Gz9j5MEpTz2UFuXiKPJocb7gnsLHwiS05ige5BEA=="
    },
    "warning": {
      "version": "3.0.0",
      "resolved": "https://registry.npmjs.org/warning/-/warning-3.0.0.tgz",
      "integrity": "sha1-MuU3fLVy3kqwR1O9+IIcAe1gW3w=",
      "requires": {
        "loose-envify": "1.3.1"
      }
    },
    "whatwg-fetch": {
      "version": "2.0.4",
      "resolved": "https://registry.npmjs.org/whatwg-fetch/-/whatwg-fetch-2.0.4.tgz",
      "integrity": "sha512-dcQ1GWpOD/eEQ97k66aiEVpNnapVj90/+R+SXTPYGHpYBBypfKJEQjLrvMZ7YXbKm21gXd4NcuxUTjiv1YtLng=="
    }
  }
}
